# @generated - this file is auto-generated by `mise lock` https://mise.jdx.dev/dev-tools/mise-lock.html

lockfile_version = 3

[[tools.hk]]
version = "2.2.0"
backend = "packslip:github.com/jdx/hk"
specifiers = ["2.2.0"]

[tools.hk."platforms.linux-x64"]
checksum = "sha256:ffb90603d1aeb6c545ff64087372c136d46bb6d820164d63b352b1c189f40053"
url = "https://github.com/jdx/hk/releases/download/v2.2.0/hk-x86_64-unknown-linux-gnu.tar.gz"
signer = "sigstore-oidc:https://github.com/jdx/hk/.github/workflows/release.yml"
repository_ids = { repository = "922514152", owner = "216188" }

[tools.hk."platforms.macos-arm64"]
checksum = "sha256:82da7ae00554222568ea4115939e13fca640c2fae426ea828176b5b08ea45f68"
url = "https://github.com/jdx/hk/releases/download/v2.2.0/hk-aarch64-apple-darwin.tar.gz"
signer = "sigstore-oidc:https://github.com/jdx/hk/.github/workflows/release.yml"
repository_ids = { repository = "922514152", owner = "216188" }

[[tools.pnpm]]
version = "12.9.0"
backend = "aqua:pnpm/pnpm"
specifiers = ["12.9.0"]

[tools.pnpm."platforms.linux-x64"]
checksum = "sha256:df37180e8b3d964e08e8a6bf3bff1374dcf37108fbce1ef7ddc9b70f7cad141f"
url = "https://github.com/pnpm/pnpm/releases/download/v12.9.0/pnpm-linux-x64.tar.gz"
url_api = "https://api.github.com/repos/pnpm/pnpm/releases/assets/606603786"
provenance = "github-attestations"

[tools.pnpm."platforms.macos-arm64"]
checksum = "sha256:12d792463ed8f30cc80e6de4035c37d0d0d78ba57dfb27d8e82bf0fd24d98372"
url = "https://github.com/pnpm/pnpm/releases/download/v12.9.0/pnpm-darwin-arm64.tar.gz"
url_api = "https://api.github.com/repos/pnpm/pnpm/releases/assets/606603785"
provenance = "github-attestations"
