# @generated - this file is auto-generated by `mise lock` https://mise.jdx.dev/dev-tools/mise-lock.html

lockfile_version = 3

[[tools.hk]]
version = "2.2.0"
backend = "packslip:github.com/jdx/hk"
specifiers = ["2.2.0"]

[tools.hk."platforms.linux-x64"]
checksum = "sha256:ffb90603d1aeb6c545ff64087372c136d46bb6d820164d63b352b1c189f40053"
url = "https://github.com/jdx/hk/releases/download/v2.2.0/hk-x86_64-unknown-linux-gnu.tar.gz"
signer = "sigstore-oidc:https://github.com/jdx/hk/.github/workflows/release.yml"
repository_ids = { repository = "922514152", owner = "216188" }

[tools.hk."platforms.macos-arm64"]
checksum = "sha256:82da7ae00554222568ea4115939e13fca640c2fae426ea828176b5b08ea45f68"
url = "https://github.com/jdx/hk/releases/download/v2.2.0/hk-aarch64-apple-darwin.tar.gz"
signer = "sigstore-oidc:https://github.com/jdx/hk/.github/workflows/release.yml"
repository_ids = { repository = "922514152", owner = "216188" }

[[tools.pnpm]]
version = "12.8.1"
backend = "aqua:pnpm/pnpm"
specifiers = ["12.8.1"]

[tools.pnpm."platforms.linux-x64"]
checksum = "sha256:db3906881f63e41b655e3b97d473603dc26326c2470d0b1b8083689e1bcbd1e8"
url = "https://github.com/pnpm/pnpm/releases/download/v12.8.1/pnpm-linux-x64.tar.gz"
url_api = "https://api.github.com/repos/pnpm/pnpm/releases/assets/595935887"
provenance = "github-attestations"

[tools.pnpm."platforms.macos-arm64"]
checksum = "sha256:8eeeae4cd714b2f1755750d303f5b1bcfe23d95ed7245536305d0c3877c5ce41"
url = "https://github.com/pnpm/pnpm/releases/download/v12.8.1/pnpm-darwin-arm64.tar.gz"
url_api = "https://api.github.com/repos/pnpm/pnpm/releases/assets/595935883"
provenance = "github-attestations"
