# @generated - this file is auto-generated by `mise lock` https://mise.jdx.dev/dev-tools/mise-lock.html

lockfile_version = 3

[[tools.aws-cli]]
version = "2.37.1"
backend = "aqua:aws/aws-cli"
specifiers = ["2.37.1"]

[tools.aws-cli."platforms.linux-x64"]
checksum = "sha256:61a79950dfb436985611a258d3a8f85a47e13498fcc72c7d8d0597f5c9fde133"
url = "https://awscli.amazonaws.com/awscli-exe-linux-x86_64-2.37.1.zip"

[tools.aws-cli."platforms.macos-arm64"]
checksum = "sha256:88bcf5170bac03500b23ed8fa25213ae8076de447c37bb4ac8a8e35f71316378"
url = "https://awscli.amazonaws.com/AWSCLIV2-2.37.1.pkg"

[[tools.claude-code]]
version = "2.1.284"
backend = "aqua:anthropics/claude-code"
specifiers = ["2.1.284"]

[tools.claude-code."platforms.linux-x64"]
checksum = "sha256:3e143fd5753fda1d150dd081ff7c584d0eb5b85cc259729e5429957ed9de202e"
url = "https://github.com/anthropics/claude-code/releases/download/v2.1.284/claude-linux-x64.tar.gz"
url_api = "https://api.github.com/repos/anthropics/claude-code/releases/assets/595944060"

[tools.claude-code."platforms.macos-arm64"]
checksum = "sha256:75603fec942fff2cbda25cfec94801402d029b4a7827b9875f64a7a326f46451"
url = "https://github.com/anthropics/claude-code/releases/download/v2.1.284/claude-darwin-arm64.tar.gz"
url_api = "https://api.github.com/repos/anthropics/claude-code/releases/assets/595943851"

[[tools.dotnet]]
version = "10.0.102"
backend = "core:dotnet"
specifiers = ["10.0.102"]

[[tools."dotnet:csharp-ls"]]
version = "0.28.0"
backend = "dotnet:csharp-ls"
specifiers = ["0.28.0"]

[[tools."dotnet:dotnet-ef"]]
version = "10.0.12"
backend = "dotnet:dotnet-ef"
specifiers = ["10.0.12"]

[[tools."dotnet:ilspycmd"]]
version = "11.0.0.9375"
backend = "dotnet:ilspycmd"
specifiers = ["11.0.0.9375"]

[[tools.git-lfs]]
version = "3.8.0"
backend = "aqua:git-lfs/git-lfs"
specifiers = ["3.8.0"]

[tools.git-lfs."platforms.linux-x64"]
checksum = "sha256:e455e00f15d9b95661b8d53498ffb0c3367962cf1ec73c31ab7369516cd6ab8d"
url = "https://github.com/git-lfs/git-lfs/releases/download/v3.8.0/git-lfs-linux-amd64-v3.8.0.tar.gz"
url_api = "https://api.github.com/repos/git-lfs/git-lfs/releases/assets/532993734"

[tools.git-lfs."platforms.macos-arm64"]
checksum = "sha256:caff76a7d070d8160c89bc39b6e85d98f24135b6fed038a3b4de2590d25102d8"
url = "https://github.com/git-lfs/git-lfs/releases/download/v3.8.0/git-lfs-darwin-arm64-v3.8.0.zip"
url_api = "https://api.github.com/repos/git-lfs/git-lfs/releases/assets/532993595"

[[tools.glab]]
version = "1.119.0"
backend = "gitlab:gitlab-org/cli"
specifiers = ["v1.119.0"]

[tools.glab."platforms.linux-x64"]
checksum = "sha256:4d83375d202ffa634eaf627fd9272b610fa599f20f5b711f55d770583eca2b84"
url = "https://gitlab.com/gitlab-org/cli/-/releases/v1.119.0/downloads/glab_1.119.0_linux_amd64.tar.gz"
url_api = "https://gitlab.com/api/v4/projects/gitlab-org%2Fcli/packages/generic/glab/1%2E119%2E0/glab_1%2E119%2E0_linux_amd64%2Etar%2Egz"

[tools.glab."platforms.macos-arm64"]
checksum = "sha256:d9cddd1dbe9a8bea8d5709f90a9ac13c3dd3eb0d0e94e3bc4fae6b27abd6a3db"
url = "https://gitlab.com/gitlab-org/cli/-/releases/v1.119.0/downloads/glab_1.119.0_darwin_arm64.tar.gz"
url_api = "https://gitlab.com/api/v4/projects/gitlab-org%2Fcli/packages/generic/glab/1%2E119%2E0/glab_1%2E119%2E0_darwin_arm64%2Etar%2Egz"

[[tools."http:coderabbit"]]
version = "0.8.2"
backend = "http:coderabbit"
specifiers = ["0.8.2"]

[tools."http:coderabbit"."platforms.linux-x64"]
checksum = "sha256:a6344485153c5889c91bae71d9172c0d2d7d3924a45661173030e28570bb7bb2"
url = "https://cli.coderabbit.ai/releases/0.8.2/coderabbit-linux-x64.zip"

[tools."http:coderabbit"."platforms.macos-arm64"]
checksum = "blake3:5fba33856c0eaf7172e28fefb56e4610e43410376203ef5de52b66b0452ca890"
url = "https://cli.coderabbit.ai/releases/0.8.2/coderabbit-darwin-arm64.zip"

[[tools."http:twg"]]
version = "1.3.3"
backend = "http:twg"
specifiers = ["1.3.3"]

[tools."http:twg".options]
rename_exe = "twg"

[tools."http:twg"."platforms.linux-x64"]
checksum = "sha256:f2b27de35e2b70ca533dc544b6d41df3013743d7e4a1dcf113498528f9a38401"
url = "https://teamwork-graph.atlassian.com/cli/twg-linux-x64-v1.3.3"

[tools."http:twg"."platforms.macos-arm64"]
checksum = "blake3:ca7c6dedef76756cd4ecacb7a3d1016db8d19402042c4d2c8a76455c12e2383c"
url = "https://teamwork-graph.atlassian.com/cli/twg-darwin-arm64-v1.3.3"

[[tools."npm:@augmentcode/auggie"]]
version = "0.36.0"
aube = { path = "locks/mise.work/npm-augmentcode-auggie/0.36.0", digest = "sha256:59555bbbc816d413aa7d7716ed755427c6ee65c9c62347c394ec07da54d7703a" }
backend = "npm:@augmentcode/auggie"
specifiers = ["0.36.0"]

[[tools.viteplus]]
version = "0.3.3"
aube = { path = "locks/mise.work/viteplus/0.3.3", digest = "sha256:c53c4ccd4034eeffb15633618ce8e983bc9937f62bb63945872ce9ae2f312ba0" }
backend = "npm:vite-plus"
specifiers = ["0.3.3"]
