# @generated - this file is auto-generated by `mise lock` https://mise.jdx.dev/dev-tools/mise-lock.html

lockfile_version = 2

[[tools.copilot]]
version = "v1.0.85"
backend = "aqua:github/copilot-cli"
specifiers = ["v1.0.85"]

[tools.copilot."platforms.linux-x64"]
checksum = "sha256:6f235cea897645eef67e8f480e36a15b5d9c9f7a6165ebc9b6b1c28afc8bcdda"
url = "https://github.com/github/copilot-cli/releases/download/v1.0.85/copilot-linux-x64.tar.gz"
url_api = "https://api.github.com/repos/github/copilot-cli/releases/assets/567012597"

[tools.copilot."platforms.macos-arm64"]
checksum = "sha256:54b1cdb4d88cfe0806f13e1f70adc4e8ed7d3edcac38fe070475e29f553949aa"
url = "https://github.com/github/copilot-cli/releases/download/v1.0.85/copilot-darwin-arm64.tar.gz"
url_api = "https://api.github.com/repos/github/copilot-cli/releases/assets/567012510"

[[tools.cosign]]
version = "3.1.3"
backend = "aqua:sigstore/cosign"
specifiers = ["3.1.3"]

[tools.cosign."platforms.linux-arm64"]
checksum = "sha256:c5d324e091826b0d7a78eb16fef316450b4eb9aaec045611c08ba06f5e73220a"
url = "https://github.com/sigstore/cosign/releases/download/v3.1.3/cosign-linux-arm64"
url_api = "https://api.github.com/repos/sigstore/cosign/releases/assets/503286299"
provenance = "cosign"

[tools.cosign."platforms.linux-arm64-musl"]
checksum = "sha256:c5d324e091826b0d7a78eb16fef316450b4eb9aaec045611c08ba06f5e73220a"
url = "https://github.com/sigstore/cosign/releases/download/v3.1.3/cosign-linux-arm64"
url_api = "https://api.github.com/repos/sigstore/cosign/releases/assets/503286299"
provenance = "cosign"

[tools.cosign."platforms.linux-x64"]
checksum = "sha256:4629c757b7618056f8ddd7e2625ae9fdd94c0372a65049520bc7d9df9efc7f71"
url = "https://github.com/sigstore/cosign/releases/download/v3.1.3/cosign-linux-amd64"
url_api = "https://api.github.com/repos/sigstore/cosign/releases/assets/503286005"
provenance = "cosign"

[tools.cosign."platforms.linux-x64-musl"]
checksum = "sha256:4629c757b7618056f8ddd7e2625ae9fdd94c0372a65049520bc7d9df9efc7f71"
url = "https://github.com/sigstore/cosign/releases/download/v3.1.3/cosign-linux-amd64"
url_api = "https://api.github.com/repos/sigstore/cosign/releases/assets/503286005"
provenance = "cosign"

[tools.cosign."platforms.macos-arm64"]
checksum = "sha256:5cf948c2f4dfe59687bdd0b8523709067383e03982cc543475c8a7dc70e92a76"
url = "https://github.com/sigstore/cosign/releases/download/v3.1.3/cosign-darwin-arm64"
url_api = "https://api.github.com/repos/sigstore/cosign/releases/assets/503286205"
provenance = "cosign"

[tools.cosign."platforms.macos-x64"]
checksum = "sha256:2347488e5d5b25336644024dfeca5601b190e91197a71a917bda44744aff106c"
url = "https://github.com/sigstore/cosign/releases/download/v3.1.3/cosign-darwin-amd64"
url_api = "https://api.github.com/repos/sigstore/cosign/releases/assets/503286177"
provenance = "cosign"

[tools.cosign."platforms.windows-x64"]
checksum = "sha256:9fe59be0eca1271873ce019061335eb1ac419b7059202e797828467ddabe33be"
url = "https://github.com/sigstore/cosign/releases/download/v3.1.3/cosign-windows-amd64.exe"
url_api = "https://api.github.com/repos/sigstore/cosign/releases/assets/503286236"
provenance = "cosign"

[[tools.deno]]
version = "2.9.6"
backend = "core:deno"
specifiers = ["2.9.6"]

[tools.deno."platforms.linux-arm64"]
checksum = "sha256:9a46afc6c392c7cd2ff71a31558935545b46408d0e87f7a86908c712721c046e"
url = "https://dl.deno.land/release/v2.9.6/deno-aarch64-unknown-linux-gnu.zip"

[tools.deno."platforms.linux-arm64-musl"]
checksum = "sha256:9a46afc6c392c7cd2ff71a31558935545b46408d0e87f7a86908c712721c046e"
url = "https://dl.deno.land/release/v2.9.6/deno-aarch64-unknown-linux-gnu.zip"

[tools.deno."platforms.linux-x64"]
checksum = "sha256:394f07f4da2bebe6ce6f1e7ce0fa16429b29b08c35e3fac3fe25972676dff4b2"
url = "https://dl.deno.land/release/v2.9.6/deno-x86_64-unknown-linux-gnu.zip"

[tools.deno."platforms.linux-x64-musl"]
checksum = "sha256:394f07f4da2bebe6ce6f1e7ce0fa16429b29b08c35e3fac3fe25972676dff4b2"
url = "https://dl.deno.land/release/v2.9.6/deno-x86_64-unknown-linux-gnu.zip"

[tools.deno."platforms.macos-arm64"]
checksum = "sha256:213a2f304f04d3c9cb5220669afad138f60a5aab1fe80962abdeb8f35807a472"
url = "https://dl.deno.land/release/v2.9.6/deno-aarch64-apple-darwin.zip"

[tools.deno."platforms.macos-x64"]
checksum = "sha256:7d4524b82bcc557fe020a1a5b56956ed42b992ae5b28026e8ad5d17329533f5f"
url = "https://dl.deno.land/release/v2.9.6/deno-x86_64-apple-darwin.zip"

[tools.deno."platforms.windows-x64"]
checksum = "sha256:15e5300b0ba3c3695a7621d90160a746ec9e710228cee639afa9d580f6e3cd11"
url = "https://dl.deno.land/release/v2.9.6/deno-x86_64-pc-windows-msvc.zip"

[[tools.flux-operator]]
version = "0.60.0"
backend = "aqua:controlplaneio-fluxcd/flux-operator"
specifiers = ["0.60.0"]

[tools.flux-operator."platforms.linux-arm64"]
checksum = "sha256:5452ad9c3287607849c4f67869389aeac101cb2eb67fdb9243bfff06713612cb"
url = "https://github.com/controlplaneio-fluxcd/flux-operator/releases/download/v0.60.0/flux-operator_0.60.0_linux_arm64.tar.gz"
url_api = "https://api.github.com/repos/controlplaneio-fluxcd/flux-operator/releases/assets/557336832"
provenance = "github-attestations"

[tools.flux-operator."platforms.linux-arm64-musl"]
checksum = "sha256:5452ad9c3287607849c4f67869389aeac101cb2eb67fdb9243bfff06713612cb"
url = "https://github.com/controlplaneio-fluxcd/flux-operator/releases/download/v0.60.0/flux-operator_0.60.0_linux_arm64.tar.gz"
url_api = "https://api.github.com/repos/controlplaneio-fluxcd/flux-operator/releases/assets/557336832"
provenance = "github-attestations"

[tools.flux-operator."platforms.linux-x64"]
checksum = "sha256:dd7d504bf02117fc8625ef7e71fe757473a9d69cc1d6369586d0e3ae19e40e01"
url = "https://github.com/controlplaneio-fluxcd/flux-operator/releases/download/v0.60.0/flux-operator_0.60.0_linux_amd64.tar.gz"
url_api = "https://api.github.com/repos/controlplaneio-fluxcd/flux-operator/releases/assets/557336826"
provenance = "github-attestations"

[tools.flux-operator."platforms.linux-x64-musl"]
checksum = "sha256:dd7d504bf02117fc8625ef7e71fe757473a9d69cc1d6369586d0e3ae19e40e01"
url = "https://github.com/controlplaneio-fluxcd/flux-operator/releases/download/v0.60.0/flux-operator_0.60.0_linux_amd64.tar.gz"
url_api = "https://api.github.com/repos/controlplaneio-fluxcd/flux-operator/releases/assets/557336826"
provenance = "github-attestations"

[tools.flux-operator."platforms.macos-arm64"]
checksum = "sha256:9a40772ed9fa12263fb172d963a4da388811f295c45689861f670d25ce0bb3f0"
url = "https://github.com/controlplaneio-fluxcd/flux-operator/releases/download/v0.60.0/flux-operator_0.60.0_darwin_arm64.tar.gz"
url_api = "https://api.github.com/repos/controlplaneio-fluxcd/flux-operator/releases/assets/557336834"
provenance = "github-attestations"

[tools.flux-operator."platforms.macos-x64"]
checksum = "sha256:a34607c60c0d38ba6dd9004c13209b578b25dc80a266285726751fc39aeb74b4"
url = "https://github.com/controlplaneio-fluxcd/flux-operator/releases/download/v0.60.0/flux-operator_0.60.0_darwin_amd64.tar.gz"
url_api = "https://api.github.com/repos/controlplaneio-fluxcd/flux-operator/releases/assets/557336825"
provenance = "github-attestations"

[tools.flux-operator."platforms.windows-x64"]
checksum = "sha256:7a48e7affaed049c367563bb61a09ea117588a5e1b669ea2067338c9ea2a3373"
url = "https://github.com/controlplaneio-fluxcd/flux-operator/releases/download/v0.60.0/flux-operator_0.60.0_windows_amd64.zip"
url_api = "https://api.github.com/repos/controlplaneio-fluxcd/flux-operator/releases/assets/557336943"
provenance = "github-attestations"

[[tools."github:SigNoz/signoz-mcp-server"]]
version = "0.14.0"
backend = "github:SigNoz/signoz-mcp-server"
specifiers = ["0.14.0"]

[tools."github:SigNoz/signoz-mcp-server"."platforms.linux-arm64"]
checksum = "sha256:8804d329bc186f2eef562d42124c8b8e1f183b30347e41cdd0f33d9ecff8fdd2"
url = "https://github.com/SigNoz/signoz-mcp-server/releases/download/v0.14.0/signoz-mcp-server_linux_arm64.tar.gz"
url_api = "https://api.github.com/repos/SigNoz/signoz-mcp-server/releases/assets/540969080"

[tools."github:SigNoz/signoz-mcp-server"."platforms.linux-arm64-musl"]
checksum = "sha256:8804d329bc186f2eef562d42124c8b8e1f183b30347e41cdd0f33d9ecff8fdd2"
url = "https://github.com/SigNoz/signoz-mcp-server/releases/download/v0.14.0/signoz-mcp-server_linux_arm64.tar.gz"
url_api = "https://api.github.com/repos/SigNoz/signoz-mcp-server/releases/assets/540969080"

[tools."github:SigNoz/signoz-mcp-server"."platforms.linux-x64"]
checksum = "sha256:aa476aabde09a273f8ddf0a36d35a333560590e3bbbea8a6cff574ae4e5da574"
url = "https://github.com/SigNoz/signoz-mcp-server/releases/download/v0.14.0/signoz-mcp-server_linux_amd64.tar.gz"
url_api = "https://api.github.com/repos/SigNoz/signoz-mcp-server/releases/assets/540969079"

[tools."github:SigNoz/signoz-mcp-server"."platforms.linux-x64-musl"]
checksum = "sha256:aa476aabde09a273f8ddf0a36d35a333560590e3bbbea8a6cff574ae4e5da574"
url = "https://github.com/SigNoz/signoz-mcp-server/releases/download/v0.14.0/signoz-mcp-server_linux_amd64.tar.gz"
url_api = "https://api.github.com/repos/SigNoz/signoz-mcp-server/releases/assets/540969079"

[tools."github:SigNoz/signoz-mcp-server"."platforms.macos-arm64"]
checksum = "sha256:dd3acd2c8c88dac19c74e17c61fdf45b364d2d9b485f95cb671f2fd4338e5058"
url = "https://github.com/SigNoz/signoz-mcp-server/releases/download/v0.14.0/signoz-mcp-server_darwin_arm64.tar.gz"
url_api = "https://api.github.com/repos/SigNoz/signoz-mcp-server/releases/assets/540969078"

[tools."github:SigNoz/signoz-mcp-server"."platforms.macos-x64"]
checksum = "sha256:05ae5564944aece9a99bb8f136998ab31e429173319c693119432c9d892935db"
url = "https://github.com/SigNoz/signoz-mcp-server/releases/download/v0.14.0/signoz-mcp-server_darwin_amd64.tar.gz"
url_api = "https://api.github.com/repos/SigNoz/signoz-mcp-server/releases/assets/540969077"

[[tools.kubectl]]
version = "1.37.0"
backend = "aqua:kubernetes/kubernetes/kubectl"
specifiers = ["1.37.0"]

[tools.kubectl."platforms.linux-arm64"]
checksum = "sha256:922df28df248cc00a9e025f947704f1d1482de64ece54cfe57e61f19eaf1eef3"
url = "https://dl.k8s.io/v1.37.0/bin/linux/arm64/kubectl"

[tools.kubectl."platforms.linux-arm64-musl"]
checksum = "sha256:922df28df248cc00a9e025f947704f1d1482de64ece54cfe57e61f19eaf1eef3"
url = "https://dl.k8s.io/v1.37.0/bin/linux/arm64/kubectl"

[tools.kubectl."platforms.linux-x64"]
checksum = "sha256:6129359f4e1f3848a5572ccb0b26cf28b8ca08cef38c95a765b2f64a2c961a2f"
url = "https://dl.k8s.io/v1.37.0/bin/linux/amd64/kubectl"

[tools.kubectl."platforms.linux-x64-musl"]
checksum = "sha256:6129359f4e1f3848a5572ccb0b26cf28b8ca08cef38c95a765b2f64a2c961a2f"
url = "https://dl.k8s.io/v1.37.0/bin/linux/amd64/kubectl"

[tools.kubectl."platforms.macos-arm64"]
checksum = "sha256:583beedaebe422e71d3f1a96acef8b1fef86ea2f09a45ad01aa6c9ce287c1380"
url = "https://dl.k8s.io/v1.37.0/bin/darwin/arm64/kubectl"

[tools.kubectl."platforms.macos-x64"]
checksum = "sha256:d5276c0f4fde77fc446070290f345944a7f1fda153df6b960e5fde93b7a9bccd"
url = "https://dl.k8s.io/v1.37.0/bin/darwin/amd64/kubectl"

[tools.kubectl."platforms.windows-x64"]
checksum = "sha256:4721b614a67bb4932a0369e61f4a323d8c6ca00943d3a2ff14837c124da06f0e"
url = "https://dl.k8s.io/v1.37.0/bin/windows/amd64/kubectl.exe"

[[tools."npm:@opencode/cli"]]
version = "2.0.11"
aube = { path = "locks/mise.home/npm-opencode-cli/2.0.11~009061c2", digest = "sha256:4d50e2796223418af22316484f5b973571bc431baeb9779091725d20b9573663" }
backend = "npm:@opencode/cli"
specifiers = ["2.0.11"]

[tools."npm:@opencode/cli".options]
allow_builds = '["@opencode/cli"]'

[[tools.slsa-verifier]]
version = "2.7.1"
backend = "aqua:slsa-framework/slsa-verifier"
specifiers = ["2.7.1"]

[tools.slsa-verifier."platforms.linux-arm64"]
checksum = "sha256:5d3b2349ede7bfec19e7a21569f18b9f7410145ad12e9584b175370669e14061"
url = "https://github.com/slsa-framework/slsa-verifier/releases/download/v2.7.1/slsa-verifier-linux-arm64"
url_api = "https://api.github.com/repos/slsa-framework/slsa-verifier/releases/assets/267893626"

[tools.slsa-verifier."platforms.linux-arm64".provenance.slsa]
url = "https://github.com/slsa-framework/slsa-verifier/releases/download/v2.7.1/slsa-verifier-linux-arm64.intoto.jsonl"

[tools.slsa-verifier."platforms.linux-arm64-musl"]
checksum = "sha256:5d3b2349ede7bfec19e7a21569f18b9f7410145ad12e9584b175370669e14061"
url = "https://github.com/slsa-framework/slsa-verifier/releases/download/v2.7.1/slsa-verifier-linux-arm64"
url_api = "https://api.github.com/repos/slsa-framework/slsa-verifier/releases/assets/267893626"

[tools.slsa-verifier."platforms.linux-arm64-musl".provenance.slsa]
url = "https://github.com/slsa-framework/slsa-verifier/releases/download/v2.7.1/slsa-verifier-linux-arm64.intoto.jsonl"

[tools.slsa-verifier."platforms.linux-x64"]
checksum = "sha256:946dbec729094195e88ef78e1734324a27869f03e2c6bd2f61cbc06bd5350339"
url = "https://github.com/slsa-framework/slsa-verifier/releases/download/v2.7.1/slsa-verifier-linux-amd64"
url_api = "https://api.github.com/repos/slsa-framework/slsa-verifier/releases/assets/267893649"

[tools.slsa-verifier."platforms.linux-x64".provenance.slsa]
url = "https://github.com/slsa-framework/slsa-verifier/releases/download/v2.7.1/slsa-verifier-linux-amd64.intoto.jsonl"

[tools.slsa-verifier."platforms.linux-x64-musl"]
checksum = "sha256:946dbec729094195e88ef78e1734324a27869f03e2c6bd2f61cbc06bd5350339"
url = "https://github.com/slsa-framework/slsa-verifier/releases/download/v2.7.1/slsa-verifier-linux-amd64"
url_api = "https://api.github.com/repos/slsa-framework/slsa-verifier/releases/assets/267893649"

[tools.slsa-verifier."platforms.linux-x64-musl".provenance.slsa]
url = "https://github.com/slsa-framework/slsa-verifier/releases/download/v2.7.1/slsa-verifier-linux-amd64.intoto.jsonl"

[tools.slsa-verifier."platforms.macos-arm64"]
checksum = "sha256:39abfcf5f1d690c3e889ce3d2d6a8b87711424d83368511868d414e8f8bcb05c"
url = "https://github.com/slsa-framework/slsa-verifier/releases/download/v2.7.1/slsa-verifier-darwin-arm64"
url_api = "https://api.github.com/repos/slsa-framework/slsa-verifier/releases/assets/267893639"

[tools.slsa-verifier."platforms.macos-arm64".provenance.slsa]
url = "https://github.com/slsa-framework/slsa-verifier/releases/download/v2.7.1/slsa-verifier-darwin-arm64.intoto.jsonl"

[tools.slsa-verifier."platforms.macos-x64"]
checksum = "sha256:4baf25415727821f847a38bccedc86c3e5b17cbfc2eb534cd554feb6c856d6f1"
url = "https://github.com/slsa-framework/slsa-verifier/releases/download/v2.7.1/slsa-verifier-darwin-amd64"
url_api = "https://api.github.com/repos/slsa-framework/slsa-verifier/releases/assets/267893631"

[tools.slsa-verifier."platforms.macos-x64".provenance.slsa]
url = "https://github.com/slsa-framework/slsa-verifier/releases/download/v2.7.1/slsa-verifier-darwin-amd64.intoto.jsonl"

[tools.slsa-verifier."platforms.windows-x64"]
checksum = "sha256:1d8f61ad747ecc3d375d2a563cebf2991748b7da1a9bda9a500804c3c499e3c0"
url = "https://github.com/slsa-framework/slsa-verifier/releases/download/v2.7.1/slsa-verifier-windows-amd64.exe"
url_api = "https://api.github.com/repos/slsa-framework/slsa-verifier/releases/assets/267893644"

[tools.slsa-verifier."platforms.windows-x64".provenance.slsa]
url = "https://github.com/slsa-framework/slsa-verifier/releases/download/v2.7.1/slsa-verifier-windows-amd64.exe.intoto.jsonl"
