# @generated - this file is auto-generated by `mise lock` https://mise.jdx.dev/dev-tools/mise-lock.html

lockfile_version = 2

[[tools.aws-cli]]
version = "2.36.45"
backend = "aqua:aws/aws-cli"
specifiers = ["2.36.45"]

[tools.aws-cli."platforms.linux-x64"]
checksum = "sha256:0f02381483b0a5ca127a4cb379e656a73007b346561a5e41d3249d3bc1861226"
url = "https://awscli.amazonaws.com/awscli-exe-linux-x86_64-2.36.45.zip"

[tools.aws-cli."platforms.macos-arm64"]
checksum = "sha256:351c45fc36ac36f5af65708625087f27e654bd9319a843dbb9dfeea21c912be3"
url = "https://awscli.amazonaws.com/AWSCLIV2-2.36.45.pkg"

[[tools.claude-code]]
version = "2.1.272"
backend = "aqua:anthropics/claude-code"
specifiers = ["2.1.272"]

[tools.claude-code."platforms.linux-x64"]
checksum = "sha256:acc3cefd4db54379e309568c122a6a99a10f4662187bbc3698d3d00bc599ad2e"
url = "https://github.com/anthropics/claude-code/releases/download/v2.1.272/claude-linux-x64.tar.gz"
url_api = "https://api.github.com/repos/anthropics/claude-code/releases/assets/564448861"

[tools.claude-code."platforms.macos-arm64"]
checksum = "sha256:3254b8926b112e5af92dbb9c3840fb33187678c9638807e31f7f9b100bc8c6d5"
url = "https://github.com/anthropics/claude-code/releases/download/v2.1.272/claude-darwin-arm64.tar.gz"
url_api = "https://api.github.com/repos/anthropics/claude-code/releases/assets/564448719"

[[tools.dotnet]]
version = "10.0.102"
backend = "core:dotnet"
specifiers = ["10.0.102"]

[[tools."dotnet:csharp-ls"]]
version = "0.28.0"
backend = "dotnet:csharp-ls"
specifiers = ["0.28.0"]

[[tools."dotnet:dotnet-ef"]]
version = "10.0.12"
backend = "dotnet:dotnet-ef"
specifiers = ["10.0.12"]

[[tools."dotnet:ilspycmd"]]
version = "11.0.0.9375"
backend = "dotnet:ilspycmd"
specifiers = ["11.0.0.9375"]

[[tools.git-lfs]]
version = "3.8.0"
backend = "aqua:git-lfs/git-lfs"
specifiers = ["3.8.0"]

[tools.git-lfs."platforms.linux-x64"]
checksum = "sha256:e455e00f15d9b95661b8d53498ffb0c3367962cf1ec73c31ab7369516cd6ab8d"
url = "https://github.com/git-lfs/git-lfs/releases/download/v3.8.0/git-lfs-linux-amd64-v3.8.0.tar.gz"
url_api = "https://api.github.com/repos/git-lfs/git-lfs/releases/assets/532993734"

[tools.git-lfs."platforms.macos-arm64"]
checksum = "sha256:caff76a7d070d8160c89bc39b6e85d98f24135b6fed038a3b4de2590d25102d8"
url = "https://github.com/git-lfs/git-lfs/releases/download/v3.8.0/git-lfs-darwin-arm64-v3.8.0.zip"
url_api = "https://api.github.com/repos/git-lfs/git-lfs/releases/assets/532993595"

[[tools.glab]]
version = "1.117.0"
backend = "gitlab:gitlab-org/cli"
specifiers = ["v1.117.0"]

[tools.glab."platforms.linux-x64"]
checksum = "sha256:1edfd0fba284e93396a9fd8899b9fff10f34f90b733943b1a70e21431a1991ab"
url = "https://gitlab.com/gitlab-org/cli/-/releases/v1.117.0/downloads/glab_1.117.0_linux_amd64.tar.gz"
url_api = "https://gitlab.com/api/v4/projects/gitlab-org%2Fcli/packages/generic/glab/1%2E117%2E0/glab_1%2E117%2E0_linux_amd64%2Etar%2Egz"

[tools.glab."platforms.macos-arm64"]
checksum = "sha256:9fef4b1f302a5eebe615531d0e5e842ba79cb34df41580bdc0f399a465d8ad15"
url = "https://gitlab.com/gitlab-org/cli/-/releases/v1.117.0/downloads/glab_1.117.0_darwin_arm64.tar.gz"
url_api = "https://gitlab.com/api/v4/projects/gitlab-org%2Fcli/packages/generic/glab/1%2E117%2E0/glab_1%2E117%2E0_darwin_arm64%2Etar%2Egz"

[[tools."npm:@augmentcode/auggie"]]
version = "0.36.0"
aube = { path = "locks/mise.work/npm-augmentcode-auggie/0.36.0", digest = "sha256:59555bbbc816d413aa7d7716ed755427c6ee65c9c62347c394ec07da54d7703a" }
backend = "npm:@augmentcode/auggie"
specifiers = ["0.36.0"]

[[tools.viteplus]]
version = "0.3.3"
aube = { path = "locks/mise.work/viteplus/0.3.3", digest = "sha256:c53c4ccd4034eeffb15633618ce8e983bc9937f62bb63945872ce9ae2f312ba0" }
backend = "npm:vite-plus"
specifiers = ["0.3.3"]
