# @generated - this file is auto-generated by `mise lock` https://mise.jdx.dev/dev-tools/mise-lock.html

lockfile_version = 2

[[tools.copilot]]
version = "v1.0.86"
backend = "aqua:github/copilot-cli"
specifiers = ["v1.0.86"]

[tools.copilot."platforms.linux-x64"]
checksum = "sha256:ea4a519d7b2ff54e9c7d10ae9921cf4ab3f5041489ec340852f47f4f63fc535b"
url = "https://github.com/github/copilot-cli/releases/download/v1.0.86/copilot-linux-x64.tar.gz"
url_api = "https://api.github.com/repos/github/copilot-cli/releases/assets/571326067"

[tools.copilot."platforms.macos-arm64"]
checksum = "sha256:a242a106b9b47f23cf02f354113a86c5efc6f69a4e175265f7c9bc509daa7789"
url = "https://github.com/github/copilot-cli/releases/download/v1.0.86/copilot-darwin-arm64.tar.gz"
url_api = "https://api.github.com/repos/github/copilot-cli/releases/assets/571325928"

[[tools.cosign]]
version = "3.1.3"
backend = "aqua:sigstore/cosign"
specifiers = ["3.1.3"]

[tools.cosign."platforms.linux-x64"]
checksum = "sha256:4629c757b7618056f8ddd7e2625ae9fdd94c0372a65049520bc7d9df9efc7f71"
url = "https://github.com/sigstore/cosign/releases/download/v3.1.3/cosign-linux-amd64"
url_api = "https://api.github.com/repos/sigstore/cosign/releases/assets/503286005"
provenance = "cosign"

[tools.cosign."platforms.macos-arm64"]
checksum = "sha256:5cf948c2f4dfe59687bdd0b8523709067383e03982cc543475c8a7dc70e92a76"
url = "https://github.com/sigstore/cosign/releases/download/v3.1.3/cosign-darwin-arm64"
url_api = "https://api.github.com/repos/sigstore/cosign/releases/assets/503286205"
provenance = "cosign"

[[tools.deno]]
version = "2.9.7"
backend = "core:deno"
specifiers = ["2.9.7"]

[tools.deno."platforms.linux-x64"]
checksum = "sha256:c6527f24f4b16031d3ae4fa9f658d5f11534c8d84ce7dc8502420280919c3490"
url = "https://dl.deno.land/release/v2.9.7/deno-x86_64-unknown-linux-gnu.zip"

[tools.deno."platforms.macos-arm64"]
checksum = "sha256:5cd46d6268f6f78f5d88bdc7159d20bd44cdaa4b3303474839f87ec6fe7ae25c"
url = "https://dl.deno.land/release/v2.9.7/deno-aarch64-apple-darwin.zip"

[[tools.flux-operator]]
version = "0.60.0"
backend = "aqua:controlplaneio-fluxcd/flux-operator"
specifiers = ["0.60.0"]

[tools.flux-operator."platforms.linux-x64"]
checksum = "sha256:dd7d504bf02117fc8625ef7e71fe757473a9d69cc1d6369586d0e3ae19e40e01"
url = "https://github.com/controlplaneio-fluxcd/flux-operator/releases/download/v0.60.0/flux-operator_0.60.0_linux_amd64.tar.gz"
url_api = "https://api.github.com/repos/controlplaneio-fluxcd/flux-operator/releases/assets/557336826"
provenance = "github-attestations"

[tools.flux-operator."platforms.macos-arm64"]
checksum = "sha256:9a40772ed9fa12263fb172d963a4da388811f295c45689861f670d25ce0bb3f0"
url = "https://github.com/controlplaneio-fluxcd/flux-operator/releases/download/v0.60.0/flux-operator_0.60.0_darwin_arm64.tar.gz"
url_api = "https://api.github.com/repos/controlplaneio-fluxcd/flux-operator/releases/assets/557336834"
provenance = "github-attestations"

[[tools."github:SigNoz/signoz-mcp-server"]]
version = "0.14.0"
backend = "github:SigNoz/signoz-mcp-server"
specifiers = ["0.14.0"]

[tools."github:SigNoz/signoz-mcp-server"."platforms.linux-x64"]
checksum = "sha256:aa476aabde09a273f8ddf0a36d35a333560590e3bbbea8a6cff574ae4e5da574"
url = "https://github.com/SigNoz/signoz-mcp-server/releases/download/v0.14.0/signoz-mcp-server_linux_amd64.tar.gz"
url_api = "https://api.github.com/repos/SigNoz/signoz-mcp-server/releases/assets/540969079"

[tools."github:SigNoz/signoz-mcp-server"."platforms.macos-arm64"]
checksum = "sha256:dd3acd2c8c88dac19c74e17c61fdf45b364d2d9b485f95cb671f2fd4338e5058"
url = "https://github.com/SigNoz/signoz-mcp-server/releases/download/v0.14.0/signoz-mcp-server_darwin_arm64.tar.gz"
url_api = "https://api.github.com/repos/SigNoz/signoz-mcp-server/releases/assets/540969078"

[[tools.kubectl]]
version = "1.37.0"
backend = "aqua:kubernetes/kubernetes/kubectl"
specifiers = ["1.37.0"]

[tools.kubectl."platforms.linux-x64"]
checksum = "sha256:6129359f4e1f3848a5572ccb0b26cf28b8ca08cef38c95a765b2f64a2c961a2f"
url = "https://dl.k8s.io/v1.37.0/bin/linux/amd64/kubectl"

[tools.kubectl."platforms.macos-arm64"]
checksum = "sha256:583beedaebe422e71d3f1a96acef8b1fef86ea2f09a45ad01aa6c9ce287c1380"
url = "https://dl.k8s.io/v1.37.0/bin/darwin/arm64/kubectl"

[[tools."npm:@opencode/cli"]]
version = "2.0.15"
aube = { path = "locks/mise.home/npm-opencode-cli/2.0.15~009061c2", digest = "sha256:83018bf457fcf1c21a0c4c26325eddbd60b423f61b54748b8f3b4e59e5f2569e" }
backend = "npm:@opencode/cli"
specifiers = ["2.0.15"]

[tools."npm:@opencode/cli".options]
allow_builds = '["@opencode/cli"]'

[[tools.slsa-verifier]]
version = "2.7.1"
backend = "aqua:slsa-framework/slsa-verifier"
specifiers = ["2.7.1"]

[tools.slsa-verifier."platforms.linux-x64"]
checksum = "sha256:946dbec729094195e88ef78e1734324a27869f03e2c6bd2f61cbc06bd5350339"
url = "https://github.com/slsa-framework/slsa-verifier/releases/download/v2.7.1/slsa-verifier-linux-amd64"
url_api = "https://api.github.com/repos/slsa-framework/slsa-verifier/releases/assets/267893649"

[tools.slsa-verifier."platforms.linux-x64".provenance.slsa]
url = "https://github.com/slsa-framework/slsa-verifier/releases/download/v2.7.1/slsa-verifier-linux-amd64.intoto.jsonl"

[tools.slsa-verifier."platforms.macos-arm64"]
checksum = "sha256:39abfcf5f1d690c3e889ce3d2d6a8b87711424d83368511868d414e8f8bcb05c"
url = "https://github.com/slsa-framework/slsa-verifier/releases/download/v2.7.1/slsa-verifier-darwin-arm64"
url_api = "https://api.github.com/repos/slsa-framework/slsa-verifier/releases/assets/267893639"

[tools.slsa-verifier."platforms.macos-arm64".provenance.slsa]
url = "https://github.com/slsa-framework/slsa-verifier/releases/download/v2.7.1/slsa-verifier-darwin-arm64.intoto.jsonl"
