# @generated - this file is auto-generated by `mise lock` https://mise.jdx.dev/dev-tools/mise-lock.html

lockfile_version = 2

[[tools.aws-cli]]
version = "2.36.46"
backend = "aqua:aws/aws-cli"
specifiers = ["2.36.46"]

[tools.aws-cli."platforms.linux-x64"]
checksum = "sha256:835466c6151be2083787734a7ae7c6d23617df94dcd99cbc832879493bcac8f7"
url = "https://awscli.amazonaws.com/awscli-exe-linux-x86_64-2.36.46.zip"

[tools.aws-cli."platforms.macos-arm64"]
checksum = "sha256:5a2b3f1d48b3c15f326cc638f02db7d4e7dc46cd8b9fa4fc3789734ebd511dff"
url = "https://awscli.amazonaws.com/AWSCLIV2-2.36.46.pkg"

[[tools.claude-code]]
version = "2.1.273"
backend = "aqua:anthropics/claude-code"
specifiers = ["2.1.273"]

[tools.claude-code."platforms.linux-x64"]
checksum = "sha256:afd5dbac0b1dfeb8f9fb8fa8adaaf8ba49c7a334fda73b9f49ed2e99197ee829"
url = "https://github.com/anthropics/claude-code/releases/download/v2.1.273/claude-linux-x64.tar.gz"
url_api = "https://api.github.com/repos/anthropics/claude-code/releases/assets/566219673"

[tools.claude-code."platforms.macos-arm64"]
checksum = "sha256:ae48db6a5ea2bdec38bf8996dd2ae041d801de26dc3d210aba86d2156b485ce4"
url = "https://github.com/anthropics/claude-code/releases/download/v2.1.273/claude-darwin-arm64.tar.gz"
url_api = "https://api.github.com/repos/anthropics/claude-code/releases/assets/566219525"

[[tools.dotnet]]
version = "10.0.102"
backend = "core:dotnet"
specifiers = ["10.0.102"]

[[tools."dotnet:csharp-ls"]]
version = "0.28.0"
backend = "dotnet:csharp-ls"
specifiers = ["0.28.0"]

[[tools."dotnet:dotnet-ef"]]
version = "10.0.12"
backend = "dotnet:dotnet-ef"
specifiers = ["10.0.12"]

[[tools."dotnet:ilspycmd"]]
version = "11.0.0.9375"
backend = "dotnet:ilspycmd"
specifiers = ["11.0.0.9375"]

[[tools.git-lfs]]
version = "3.8.0"
backend = "aqua:git-lfs/git-lfs"
specifiers = ["3.8.0"]

[tools.git-lfs."platforms.linux-x64"]
checksum = "sha256:e455e00f15d9b95661b8d53498ffb0c3367962cf1ec73c31ab7369516cd6ab8d"
url = "https://github.com/git-lfs/git-lfs/releases/download/v3.8.0/git-lfs-linux-amd64-v3.8.0.tar.gz"
url_api = "https://api.github.com/repos/git-lfs/git-lfs/releases/assets/532993734"

[tools.git-lfs."platforms.macos-arm64"]
checksum = "sha256:caff76a7d070d8160c89bc39b6e85d98f24135b6fed038a3b4de2590d25102d8"
url = "https://github.com/git-lfs/git-lfs/releases/download/v3.8.0/git-lfs-darwin-arm64-v3.8.0.zip"
url_api = "https://api.github.com/repos/git-lfs/git-lfs/releases/assets/532993595"

[[tools.glab]]
version = "1.118.0"
backend = "gitlab:gitlab-org/cli"
specifiers = ["v1.118.0"]

[tools.glab."platforms.linux-x64"]
checksum = "sha256:f3782ddb62b6ab20d0031699ea7b43f345dc6f63e991883660e21343b9524931"
url = "https://gitlab.com/gitlab-org/cli/-/releases/v1.118.0/downloads/glab_1.118.0_linux_amd64.tar.gz"
url_api = "https://gitlab.com/api/v4/projects/gitlab-org%2Fcli/packages/generic/glab/1%2E118%2E0/glab_1%2E118%2E0_linux_amd64%2Etar%2Egz"

[tools.glab."platforms.macos-arm64"]
checksum = "sha256:d289e2ba48f85cc0639cb77e4ea78c14d222d099e8d545c7bb687ba779255f47"
url = "https://gitlab.com/gitlab-org/cli/-/releases/v1.118.0/downloads/glab_1.118.0_darwin_arm64.tar.gz"
url_api = "https://gitlab.com/api/v4/projects/gitlab-org%2Fcli/packages/generic/glab/1%2E118%2E0/glab_1%2E118%2E0_darwin_arm64%2Etar%2Egz"

[[tools."npm:@augmentcode/auggie"]]
version = "0.36.0"
aube = { path = "locks/mise.work/npm-augmentcode-auggie/0.36.0", digest = "sha256:59555bbbc816d413aa7d7716ed755427c6ee65c9c62347c394ec07da54d7703a" }
backend = "npm:@augmentcode/auggie"
specifiers = ["0.36.0"]

[[tools.viteplus]]
version = "0.3.3"
aube = { path = "locks/mise.work/viteplus/0.3.3", digest = "sha256:c53c4ccd4034eeffb15633618ce8e983bc9937f62bb63945872ce9ae2f312ba0" }
backend = "npm:vite-plus"
specifiers = ["0.3.3"]
