# @generated - this file is auto-generated by `mise lock` https://mise.jdx.dev/dev-tools/mise-lock.html

lockfile_version = 2

[[tools.age]]
version = "1.3.2"
backend = "aqua:FiloSottile/age"
specifiers = ["1.3.2"]

[tools.age."platforms.linux-x64"]
checksum = "sha256:cbe24006683f8eb669266162894b9a522a1af52f2665fbc63a4bb032ed26ac10"
url = "https://github.com/FiloSottile/age/releases/download/v1.3.2/age-v1.3.2-linux-amd64.tar.gz"
url_api = "https://api.github.com/repos/FiloSottile/age/releases/assets/535541903"
provenance = "github-attestations"

[tools.age."platforms.macos-arm64"]
checksum = "sha256:e2020b073c44f692685a24d6abc378817eb81ffaaf49fd0531ef8565f767f2f5"
url = "https://github.com/FiloSottile/age/releases/download/v1.3.2/age-v1.3.2-darwin-arm64.tar.gz"
url_api = "https://api.github.com/repos/FiloSottile/age/releases/assets/535541897"
provenance = "github-attestations"

[[tools.atuin]]
version = "18.22.0"
backend = "aqua:atuinsh/atuin"
specifiers = ["18.22.0"]

[tools.atuin."platforms.linux-x64"]
checksum = "sha256:920200b8e2ecff88eb8f2c2d4bfc4c62ed1c2f4efca2ba854a23bd157a542328"
url = "https://github.com/atuinsh/atuin/releases/download/v18.22.0/atuin-x86_64-unknown-linux-gnu.tar.gz"
url_api = "https://api.github.com/repos/atuinsh/atuin/releases/assets/553690960"
provenance = "github-attestations"

[tools.atuin."platforms.macos-arm64"]
checksum = "sha256:5e6e525f60147351f114397e7f09aeded87f302e99ef83a5eee74c524b805812"
url = "https://github.com/atuinsh/atuin/releases/download/v18.22.0/atuin-aarch64-apple-darwin.tar.gz"
url_api = "https://api.github.com/repos/atuinsh/atuin/releases/assets/553690857"
provenance = "github-attestations"

[[tools.aube]]
version = "2.2.17"
backend = "packslip:github.com/aubepkg/aube"
specifiers = ["v2.2.17"]

[tools.aube."platforms.linux-x64"]
checksum = "sha256:ee4f05a2989e6cbe55b306097cbb53da9f908789acb027e62c430de2f7e22c2f"
url = "https://github.com/aubepkg/aube/releases/download/v2.2.17/aube-v2.2.17-x86_64-unknown-linux-gnu.tar.gz"
signer = "sigstore-oidc:https://github.com/aubepkg/aube/.github/workflows/release-plz.yml"

[tools.aube."platforms.macos-arm64"]
checksum = "sha256:83b2906a998ea62eb4890abb8d45010f0ced1674a2bb6b436c2e352d47bb338f"
url = "https://github.com/aubepkg/aube/releases/download/v2.2.17/aube-v2.2.17-aarch64-apple-darwin.tar.gz"
signer = "sigstore-oidc:https://github.com/aubepkg/aube/.github/workflows/release-plz.yml"

[[tools."cargo:forgejo-cli"]]
version = "0.6.0"
backend = "cargo:forgejo-cli"
specifiers = ["0.6.0"]

[[tools.cloudflared]]
version = "2026.9.1"
backend = "aqua:cloudflare/cloudflared"
specifiers = ["2026.9.1"]

[tools.cloudflared."platforms.linux-x64"]
checksum = "sha256:03f1f25d1cc93b9ad6c60569d44060bc4f17ed97075760ed8cfca4b12dcd68cc"
url = "https://github.com/cloudflare/cloudflared/releases/download/2026.9.1/cloudflared-linux-amd64"
url_api = "https://api.github.com/repos/cloudflare/cloudflared/releases/assets/557330171"

[tools.cloudflared."platforms.macos-arm64"]
checksum = "sha256:c27ab8fd0aa489449e3d201eb02f957ef460a13b613662928b1b23394bf1bcfe"
url = "https://github.com/cloudflare/cloudflared/releases/download/2026.9.1/cloudflared-darwin-arm64.tgz"
url_api = "https://api.github.com/repos/cloudflare/cloudflared/releases/assets/557329375"

[[tools.flux2]]
version = "2.9.5"
backend = "aqua:fluxcd/flux2"
specifiers = ["2.9.5"]

[tools.flux2."platforms.linux-x64"]
checksum = "sha256:b853df82adfd7736f580692f9f734473d571606307139f8fd20c2a80dd1ff473"
url = "https://github.com/fluxcd/flux2/releases/download/v2.9.5/flux_2.9.5_linux_amd64.tar.gz"
url_api = "https://api.github.com/repos/fluxcd/flux2/releases/assets/538282891"

[tools.flux2."platforms.linux-x64".provenance.slsa]
url = "https://github.com/fluxcd/flux2/releases/download/v2.9.5/provenance.intoto.jsonl"

[tools.flux2."platforms.macos-arm64"]
checksum = "sha256:2869ef7151a6f1b27e6b5d2a6804f3ef23c7bdaa06a74e00d3fe5bfc646547fd"
url = "https://github.com/fluxcd/flux2/releases/download/v2.9.5/flux_2.9.5_darwin_arm64.tar.gz"
url_api = "https://api.github.com/repos/fluxcd/flux2/releases/assets/538282876"

[tools.flux2."platforms.macos-arm64".provenance.slsa]
url = "https://github.com/fluxcd/flux2/releases/download/v2.9.5/provenance.intoto.jsonl"

[[tools.fnox]]
version = "1.35.2"
backend = "packslip:github.com/jdx/fnox"
specifiers = ["1.35.2"]

[tools.fnox."platforms.linux-x64"]
checksum = "sha256:5f95929bb8b73cd849b238fbefe3dbf8706f57f876cc5ae23aa9aa9da62a40a9"
url = "https://github.com/jdx/fnox/releases/download/v1.35.2/fnox-x86_64-unknown-linux-gnu.tar.gz"
signer = "sigstore-oidc:https://github.com/jdx/fnox/.github/workflows/release.yml"

[tools.fnox."platforms.macos-arm64"]
checksum = "sha256:3f6e9b4f7a59a5712abe48cf6c97b2a0600392b5cb54059a80b53497adeab354"
url = "https://github.com/jdx/fnox/releases/download/v1.35.2/fnox-aarch64-apple-darwin.tar.gz"
signer = "sigstore-oidc:https://github.com/jdx/fnox/.github/workflows/release.yml"

[[tools.gh]]
version = "2.101.0"
backend = "aqua:cli/cli"
specifiers = ["2.101.0"]

[tools.gh."platforms.linux-x64"]
checksum = "sha256:9bca2d1c16825f109907a23307628a2f0698fbf99662b73a5cf0b020293072b8"
url = "https://github.com/cli/cli/releases/download/v2.101.0/gh_2.101.0_linux_amd64.tar.gz"
url_api = "https://api.github.com/repos/cli/cli/releases/assets/565857134"
provenance = "github-attestations"

[tools.gh."platforms.macos-arm64"]
checksum = "sha256:e4303e39d8f07141c4bad4b99b01079f05029c59b27076e8fbc825c985ecdd8b"
url = "https://github.com/cli/cli/releases/download/v2.101.0/gh_2.101.0_macOS_arm64.zip"
url_api = "https://api.github.com/repos/cli/cli/releases/assets/565857200"
provenance = "github-attestations"

[[tools.go]]
version = "1.27.1"
backend = "core:go"
specifiers = ["1.27.1"]

[tools.go."platforms.linux-x64"]
checksum = "sha256:63d339f0da5ab53635a56f2490a7984dfe12dfcff22ad749f63edaf590168445"
url = "https://dl.google.com/go/go1.27.1.linux-amd64.tar.gz"

[tools.go."platforms.macos-arm64"]
checksum = "sha256:ee215d57e0ec269c60cc9ceca68e6bda321ba9ee5afe24f4b0988703c2d87d12"
url = "https://dl.google.com/go/go1.27.1.darwin-arm64.tar.gz"

[[tools.helm]]
version = "4.3.0"
backend = "aqua:helm/helm"
specifiers = ["4.3.0"]

[tools.helm."platforms.linux-x64"]
checksum = "sha256:86584a54def73570558f66f5111cc53dfed56689637ae32c1201205d494f54fb"
url = "https://get.helm.sh/helm-v4.3.0-linux-amd64.tar.gz"

[tools.helm."platforms.macos-arm64"]
checksum = "sha256:d3870437e1e95b67f8edbde964156c84a26503f560821d40c542441658934fba"
url = "https://get.helm.sh/helm-v4.3.0-darwin-arm64.tar.gz"

[[tools.hk]]
version = "2.0.1"
backend = "packslip:github.com/jdx/hk"
specifiers = ["2.0.1"]

[tools.hk."platforms.linux-x64"]
checksum = "sha256:f14d0290a07f82911f32ea5e4a91dd80d90abb852488912b1ade9b240f70d615"
url = "https://github.com/jdx/hk/releases/download/v2.0.1/hk-x86_64-unknown-linux-gnu.tar.gz"
signer = "sigstore-oidc:https://github.com/jdx/hk/.github/workflows/release.yml"

[tools.hk."platforms.macos-arm64"]
checksum = "sha256:6ec393f898f562f76c4839a910356b4afec6740eff23f18ebdf8cf41c793a461"
url = "https://github.com/jdx/hk/releases/download/v2.0.1/hk-aarch64-apple-darwin.tar.gz"
signer = "sigstore-oidc:https://github.com/jdx/hk/.github/workflows/release.yml"

[[tools.java]]
version = "27.0.0"
backend = "core:java"
specifiers = ["27.0.0"]

[tools.java.options]
shorthand_vendor = "openjdk"

[tools.java."platforms.linux-x64"]
checksum = "sha256:95fc37eb3a18a27a26d5904c2d89d52bace8dafa9a078ca27f4747fbc4bf070b"
url = "https://download.java.net/java/GA/jdk27/55ce5470a6294008af0057ff4626d0e5/35/GPL/openjdk-27_linux-x64_bin.tar.gz"

[tools.java."platforms.macos-arm64"]
checksum = "sha256:ff42134c1bc5ac81c5a91a95fd4df87479db5d0499ba875d6adb5bda5626c3e8"
url = "https://download.java.net/java/GA/jdk27/55ce5470a6294008af0057ff4626d0e5/35/GPL/openjdk-27_macos-aarch64_bin.tar.gz"

[[tools.jq]]
version = "1.8.2"
backend = "aqua:jqlang/jq"
specifiers = ["1.8.2"]

[tools.jq."platforms.linux-x64"]
checksum = "sha256:b1c22172dd303f3be49e935aa56aa48a8b7a46e0bc838b4997d3bb451495870f"
url = "https://github.com/jqlang/jq/releases/download/jq-1.8.2/jq-linux-amd64"
url_api = "https://api.github.com/repos/jqlang/jq/releases/assets/453012752"
provenance = "github-attestations"

[tools.jq."platforms.macos-arm64"]
checksum = "sha256:2d75340ba57a4b4b4c8708a21c2dc8e958a48aaa8bba13b27f77f6e4c0eca07e"
url = "https://github.com/jqlang/jq/releases/download/jq-1.8.2/jq-macos-arm64"
url_api = "https://api.github.com/repos/jqlang/jq/releases/assets/453012783"
provenance = "github-attestations"

[[tools.kind]]
version = "0.33.0"
backend = "aqua:kubernetes-sigs/kind"
specifiers = ["0.33.0"]

[tools.kind."platforms.linux-x64"]
checksum = "sha256:aee6151561422756b764a4ae28e7f44cda5af5a9eead3cc9985112b1de8d8e0d"
url = "https://github.com/kubernetes-sigs/kind/releases/download/v0.33.0/kind-linux-amd64"
url_api = "https://api.github.com/repos/kubernetes-sigs/kind/releases/assets/531396433"

[tools.kind."platforms.macos-arm64"]
checksum = "sha256:0c8c7dbe5e23594a198b786c4bc13dacc101fa6196b0cb0b23a1ca44e61f4b4f"
url = "https://github.com/kubernetes-sigs/kind/releases/download/v0.33.0/kind-darwin-arm64"
url_api = "https://api.github.com/repos/kubernetes-sigs/kind/releases/assets/531396417"

[[tools.lima]]
version = "2.2.0"
backend = "aqua:lima-vm/lima"
specifiers = ["2.2.0"]

[tools.lima."platforms.linux-x64"]
checksum = "sha256:a0ea1ccf6b7335a900adb5f8d2b8384457965fecb1ba72f09b4e3e46d12f424a"
url = "https://github.com/lima-vm/lima/releases/download/v2.2.0/lima-2.2.0-Linux-x86_64.tar.gz"
url_api = "https://api.github.com/repos/lima-vm/lima/releases/assets/484813993"
provenance = "github-attestations"

[tools.lima."platforms.macos-arm64"]
checksum = "sha256:bbdef91774885a0d05f7b048c4eb89ae2bcf3a0c252ae7ca7934e63df76d93c3"
url = "https://github.com/lima-vm/lima/releases/download/v2.2.0/lima-2.2.0-Darwin-arm64.tar.gz"
url_api = "https://api.github.com/repos/lima-vm/lima/releases/assets/484813994"
provenance = "github-attestations"

[[tools.mkcert]]
version = "1.4.4"
backend = "aqua:FiloSottile/mkcert"
specifiers = ["1.4.4"]

[tools.mkcert."platforms.linux-x64"]
checksum = "sha256:6d31c65b03972c6dc4a14ab429f2928300518b26503f58723e532d1b0a3bbb52"
url = "https://github.com/FiloSottile/mkcert/releases/download/v1.4.4/mkcert-v1.4.4-linux-amd64"
url_api = "https://api.github.com/repos/FiloSottile/mkcert/releases/assets/63709955"

[tools.mkcert."platforms.macos-arm64"]
checksum = "sha256:c8af0df44bce04359794dad8ea28d750437411d632748049d08644ffb66a60c6"
url = "https://github.com/FiloSottile/mkcert/releases/download/v1.4.4/mkcert-v1.4.4-darwin-arm64"
url_api = "https://api.github.com/repos/FiloSottile/mkcert/releases/assets/63709954"

[[tools.mr-boxington]]
version = "1.15.0"
backend = "packslip:github.com/jdx/mr-boxington"
specifiers = ["1.15.0"]

[tools.mr-boxington."platforms.linux-x64"]
checksum = "sha256:ee89e29a76849fe6344d81187cdcdb8c7710b96d7a2f54a7f99dc9f49eba114e"
url = "https://github.com/jdx/mr-boxington/releases/download/v1.15.0/mbx-x86_64-unknown-linux-gnu.tar.gz"
signer = "sigstore-oidc:https://github.com/jdx/mr-boxington/.github/workflows/release.yml"

[tools.mr-boxington."platforms.macos-arm64"]
checksum = "sha256:291f6b5c6e3faf24497de71291ed56217f7cd685b09e24e574d69ee11b88378d"
url = "https://github.com/jdx/mr-boxington/releases/download/v1.15.0/mbx-aarch64-apple-darwin.tar.gz"
signer = "sigstore-oidc:https://github.com/jdx/mr-boxington/.github/workflows/release.yml"

[[tools.node]]
version = "26.9.0"
backend = "core:node"
specifiers = ["26"]

[tools.node."platforms.linux-x64"]
checksum = "sha256:03d9104fc4f19652e74480fed11c023d75981464b7292f21a601c3f95ce7d90d"
url = "https://nodejs.org/dist/v26.9.0/node-v26.9.0-linux-x64.tar.gz"

[tools.node."platforms.macos-arm64"]
checksum = "sha256:6f3de7ed853ee283b4bf24b6e426618f1d357401ce5815db1866eb85eb4b05d9"
url = "https://nodejs.org/dist/v26.9.0/node-v26.9.0-darwin-arm64.tar.gz"

[[tools."npm:@typespec/compiler"]]
version = "1.16.0"
aube = { path = "locks/npm-typespec-compiler/1.16.0", digest = "sha256:afc858683f7310189ffbf5499a1ef5459ac5e17471a18e8f9fc61a21138bafc8" }
backend = "npm:@typespec/compiler"
specifiers = ["1.16.0"]

[[tools."npm:prettier"]]
version = "3.9.8"
aube = { path = "locks/npm-prettier/3.9.8", digest = "sha256:5c76115168054cd13c6ad573ac7befc182bce737bc8bca3ed27b8287e2611eeb" }
backend = "npm:prettier"
specifiers = ["3.9.8"]

[[tools."npm:typescript"]]
version = "7.0.2"
aube = { path = "locks/npm-typescript/7.0.2", digest = "sha256:3d06b3b23564c68cdad7815c356edb1506fab1c42bfb8c54234134fd9650ec17" }
backend = "npm:typescript"
specifiers = ["7.0.2"]

[[tools."npm:typescript-language-server"]]
version = "6.0.0"
aube = { path = "locks/npm-typescript-language-server/6.0.0", digest = "sha256:df8016fc179bdf942026d39a79f313ca5bf515e470c5e68d93fe0783d635decf" }
backend = "npm:typescript-language-server"
specifiers = ["6.0.0"]

[[tools.pi]]
version = "0.85.1"
backend = "aqua:earendil-works/pi"
specifiers = ["0.85.1"]

[tools.pi."platforms.linux-x64"]
checksum = "sha256:494e498f47d74d21f40b3386f6a5e921a3d49531a169cab55bbdaca0ea1fe25a"
url = "https://github.com/earendil-works/pi/releases/download/v0.85.1/pi-linux-x64.tar.gz"
url_api = "https://api.github.com/repos/earendil-works/pi/releases/assets/545797547"

[tools.pi."platforms.macos-arm64"]
checksum = "sha256:d5f70e3c0cf7398eac239fd0261ee074d98b7ba7f6b43fe3617f052ed5b79d06"
url = "https://github.com/earendil-works/pi/releases/download/v0.85.1/pi-darwin-arm64.tar.gz"
url_api = "https://api.github.com/repos/earendil-works/pi/releases/assets/545797550"

[[tools.podman]]
version = "6.1.2"
backend = "github:podman-container-tools/podman"
specifiers = ["v6.1.2"]

[tools.podman."platforms.linux-x64"]
checksum = "sha256:6785e4dc11dad67000308749fed0f981698792309830a6b870bd5a97b3527182"
url = "https://github.com/podman-container-tools/podman/releases/download/v6.1.2/podman-remote-static-linux_amd64.tar.gz"
url_api = "https://api.github.com/repos/podman-container-tools/podman/releases/assets/566771156"

[tools.podman."platforms.macos-arm64"]
checksum = "sha256:c19c7add3dfa6d5f42e74f4b07dbecbc14b61fd21e7092ffd3dd1ba6cafbe2a6"
url = "https://github.com/podman-container-tools/podman/releases/download/v6.1.2/podman-remote-release-darwin_arm64.zip"
url_api = "https://api.github.com/repos/podman-container-tools/podman/releases/assets/566771048"

[[tools.python]]
version = "3.14.7"
backend = "core:python"
specifiers = ["3.14.7"]

[tools.python."platforms.linux-x64"]
checksum = "sha256:3959f92825141e04adf44982d3a83ee57af0877e893b0796e04c1468749d9b04"
url = "https://github.com/astral-sh/python-build-standalone/releases/download/20260901/cpython-3.14.7+20260901-x86_64-unknown-linux-gnu-install_only_stripped.tar.gz"
provenance = "github-attestations"

[tools.python."platforms.macos-arm64"]
checksum = "sha256:4632cb1a6edad9e73d3c81b6d2e69131637d995173e3e85005df14102b0592ba"
url = "https://github.com/astral-sh/python-build-standalone/releases/download/20260901/cpython-3.14.7+20260901-aarch64-apple-darwin-install_only_stripped.tar.gz"
provenance = "github-attestations"

[[tools.repo-bins]]
version = "local"
backend = "asdf:/Users/jonno/src/btp/agent-tools/mise-repo-bins"
specifiers = ["local"]

[[tools.ripgrep]]
version = "15.2.0"
backend = "aqua:BurntSushi/ripgrep"
specifiers = ["15.2.0"]

[tools.ripgrep."platforms.linux-x64"]
checksum = "sha256:33e15bcf1624b25cdd2a55813a47a2f95dbe126268203e76aa6a585d1e7b149c"
url = "https://github.com/BurntSushi/ripgrep/releases/download/15.2.0/ripgrep-15.2.0-x86_64-unknown-linux-musl.tar.gz"
url_api = "https://api.github.com/repos/BurntSushi/ripgrep/releases/assets/478120097"

[tools.ripgrep."platforms.macos-arm64"]
checksum = "sha256:3750b2e93f37e0c692657da574d7019a101c0084da05a790c83fd335bad973e4"
url = "https://github.com/BurntSushi/ripgrep/releases/download/15.2.0/ripgrep-15.2.0-aarch64-apple-darwin.tar.gz"
url_api = "https://api.github.com/repos/BurntSushi/ripgrep/releases/assets/478118851"

[[tools.rust]]
version = "1.98.1"
backend = "core:rust"
specifiers = ["latest"]

[[tools.shellcheck]]
version = "0.11.0"
backend = "aqua:koalaman/shellcheck"
specifiers = ["0.11.0"]

[tools.shellcheck."platforms.linux-x64"]
checksum = "sha256:8c3be12b05d5c177a04c29e3c78ce89ac86f1595681cab149b65b97c4e227198"
url = "https://github.com/koalaman/shellcheck/releases/download/v0.11.0/shellcheck-v0.11.0.linux.x86_64.tar.xz"
url_api = "https://api.github.com/repos/koalaman/shellcheck/releases/assets/279056942"

[tools.shellcheck."platforms.macos-arm64"]
checksum = "sha256:56affdd8de5527894dca6dc3d7e0a99a873b0f004d7aabc30ae407d3f48b0a79"
url = "https://github.com/koalaman/shellcheck/releases/download/v0.11.0/shellcheck-v0.11.0.darwin.aarch64.tar.xz"
url_api = "https://api.github.com/repos/koalaman/shellcheck/releases/assets/279056932"

[[tools.sops]]
version = "3.13.3"
backend = "aqua:getsops/sops"
specifiers = ["3.13.3"]

[tools.sops."platforms.linux-x64"]
checksum = "sha256:e5bec3346a873ae91d871550f3e698c1aad962aff462a080e40f25fde17fef6b"
url = "https://github.com/getsops/sops/releases/download/v3.13.3/sops-v3.13.3.linux.amd64"
url_api = "https://api.github.com/repos/getsops/sops/releases/assets/486808201"

[tools.sops."platforms.linux-x64".provenance.slsa]
url = "https://github.com/getsops/sops/releases/download/v3.13.3/sops-v3.13.3.intoto.jsonl"

[tools.sops."platforms.macos-arm64"]
checksum = "sha256:b97c0d434aab577dc40310e8d22ff9e45eef4c80638ab978daae9b4681c59286"
url = "https://github.com/getsops/sops/releases/download/v3.13.3/sops-v3.13.3.darwin.arm64"
url_api = "https://api.github.com/repos/getsops/sops/releases/assets/486808198"

[tools.sops."platforms.macos-arm64".provenance.slsa]
url = "https://github.com/getsops/sops/releases/download/v3.13.3/sops-v3.13.3.intoto.jsonl"

[[tools.starship]]
version = "1.26.0"
backend = "aqua:starship/starship"
specifiers = ["1.26.0"]

[tools.starship."platforms.linux-x64"]
checksum = "sha256:321f0dd7af8340a5f2e6a8fec6538a04f617486f9ec70d878f91c09cd8deef22"
url = "https://github.com/starship/starship/releases/download/v1.26.0/starship-x86_64-unknown-linux-gnu.tar.gz"
url_api = "https://api.github.com/repos/starship/starship/releases/assets/460374620"

[tools.starship."platforms.macos-arm64"]
checksum = "sha256:c40b27b11f580411e068f2fa6c1be7830a387c0bc47a94d1d37f32b054c5361d"
url = "https://github.com/starship/starship/releases/download/v1.26.0/starship-aarch64-apple-darwin.tar.gz"
url_api = "https://api.github.com/repos/starship/starship/releases/assets/460374577"

[[tools.usage]]
version = "6.9.1"
backend = "packslip:github.com/jdx/usage"
specifiers = ["6.9.1"]

[tools.usage."platforms.linux-x64"]
checksum = "sha256:8e1cafb10fe2ddee8c18076c09dea4c89ee2d25ac2c0ec5158fda5b8d4e02222"
url = "https://github.com/jdx/usage/releases/download/v6.9.1/usage-x86_64-unknown-linux-gnu.tar.gz"
signer = "sigstore-oidc:https://github.com/jdx/usage/.github/workflows/publish-cli.yml"

[tools.usage."platforms.macos-arm64"]
checksum = "sha256:ddbb2c29ec16aca2cb44e0b0f64ba204b603ec50ed773ffda3db723e9aae73fe"
url = "https://github.com/jdx/usage/releases/download/v6.9.1/usage-universal-apple-darwin.tar.gz"
signer = "sigstore-oidc:https://github.com/jdx/usage/.github/workflows/publish-cli.yml"

[[tools.uv]]
version = "0.12.16"
backend = "aqua:astral-sh/uv"
specifiers = ["0.12.16"]

[tools.uv."platforms.linux-x64"]
checksum = "sha256:8e5c6e5523dffc2dcf615bd995554c84c9feb4e577808a3fb8698a639d3f8d9c"
url = "https://github.com/astral-sh/uv/releases/download/0.12.16/uv-x86_64-unknown-linux-gnu.tar.gz"
url_api = "https://api.github.com/repos/astral-sh/uv/releases/assets/571505211"
provenance = "github-attestations"

[tools.uv."platforms.macos-arm64"]
checksum = "sha256:b6e03fae61704b1aa622f12b792a69483e837b83068e44f4fd34f8a07a8f74a3"
url = "https://github.com/astral-sh/uv/releases/download/0.12.16/uv-aarch64-apple-darwin.tar.gz"
url_api = "https://api.github.com/repos/astral-sh/uv/releases/assets/571504999"
provenance = "github-attestations"

[[tools.workmux]]
version = "0.1.263"
backend = "github:raine/workmux"
specifiers = ["v0.1.263"]

[tools.workmux."platforms.linux-x64"]
checksum = "sha256:6f526155396b062a74d60e9a15b9e87a25ea46a9c032acfc9161a662adc8307b"
url = "https://github.com/raine/workmux/releases/download/v0.1.263/workmux-linux-amd64.tar.gz"
url_api = "https://api.github.com/repos/raine/workmux/releases/assets/567216970"

[tools.workmux."platforms.macos-arm64"]
checksum = "sha256:1375ae337c493332ab53d487e06fb1a5b38230d4cf76f81116f3ebc110ff4a7c"
url = "https://github.com/raine/workmux/releases/download/v0.1.263/workmux-darwin-arm64.tar.gz"
url_api = "https://api.github.com/repos/raine/workmux/releases/assets/567216974"

[[tools.yq]]
version = "4.53.6"
backend = "aqua:mikefarah/yq"
specifiers = ["4.53.6"]

[tools.yq."platforms.linux-x64"]
checksum = "sha256:c5f056448f973ae7d39b5401949648a78f2dc1947d6a8eb65be60d5c504b9385"
url = "https://github.com/mikefarah/yq/releases/download/v4.53.6/yq_linux_amd64"
url_api = "https://api.github.com/repos/mikefarah/yq/releases/assets/522028022"
provenance = "cosign"

[tools.yq."platforms.macos-arm64"]
checksum = "sha256:cceb0b8d71ea5294334121f8429f33f92b920e7217d904a2f9f35443968ac424"
url = "https://github.com/mikefarah/yq/releases/download/v4.53.6/yq_darwin_arm64"
url_api = "https://api.github.com/repos/mikefarah/yq/releases/assets/522028033"
provenance = "cosign"

[[tools.zellij]]
version = "0.45.1"
backend = "aqua:zellij-org/zellij"
specifiers = ["0.45.1"]

[tools.zellij."platforms.linux-x64"]
checksum = "sha256:40bcc2e03f5d5ae8e054e39f676081fe12ab70871506996ba595834c3718eefc"
url = "https://github.com/zellij-org/zellij/releases/download/v0.45.1/zellij-x86_64-unknown-linux-musl.tar.gz"
url_api = "https://api.github.com/repos/zellij-org/zellij/releases/assets/533538763"

[tools.zellij."platforms.macos-arm64"]
checksum = "sha256:c029ba4fe1927b79ad9f0cdd59155c4dff80777863c85857d4d09b88b56f9891"
url = "https://github.com/zellij-org/zellij/releases/download/v0.45.1/zellij-aarch64-apple-darwin.tar.gz"
url_api = "https://api.github.com/repos/zellij-org/zellij/releases/assets/533540212"
